
Microsoft Visual Studio Solution File, Format Version 12.00
# Visual Studio Version 17
VisualStudioVersion = 17.9.34723.18
MinimumVisualStudioVersion = 10.0.40219.1
Project("{FAE04EC0-301F-11D3-BF4B-00C04F79EFBC}") = "Practice-Integrals (Assignment)", "Practice-Integrals (Assignment).csproj", "{9669D635-7522-49ED-AA89-5F15E34AD773}"
EndProject
Global
	GlobalSection(SolutionConfigurationPlatforms) = preSolution
		Debug|Any CPU = Debug|Any CPU
		Release|Any CPU = Release|Any CPU
	EndGlobalSection
	GlobalSection(ProjectConfigurationPlatforms) = postSolution
		{9669D635-7522-49ED-AA89-5F15E34AD773}.Debug|Any CPU.ActiveCfg = Debug|Any CPU
		{9669D635-7522-49ED-AA89-5F15E34AD773}.Debug|Any CPU.Build.0 = Debug|Any CPU
		{9669D635-7522-49ED-AA89-5F15E34AD773}.Release|Any CPU.ActiveCfg = Release|Any CPU
		{9669D635-7522-49ED-AA89-5F15E34AD773}.Release|Any CPU.Build.0 = Release|Any CPU
	EndGlobalSection
	GlobalSection(SolutionProperties) = preSolution
		HideSolutionNode = FALSE
	EndGlobalSection
	GlobalSection(ExtensibilityGlobals) = postSolution
		SolutionGuid = {691A9798-1471-4E5C-9A11-0B1E50A85BD1}
	EndGlobalSection
EndGlobal
